// !$*UTF8*$!
{
	archiveVersion = 1;
	classes = {};
	objectVersion = 56;
	objects = {

/* Begin PBXBuildFile section */
		9227B418970779318E617CB5 /* SpendFoxApp.swift in Sources */ = {isa = PBXBuildFile; fileRef = 91FA623705E0DC991466EC1B /* SpendFoxApp.swift */; };
		73699799C42E18EE453DF37E /* RootTabView.swift in Sources */ = {isa = PBXBuildFile; fileRef = F42D0AD899D8A7981B46A92D /* RootTabView.swift */; };
		BAF2B7896085742689FE563D /* ExpenseCategory.swift in Sources */ = {isa = PBXBuildFile; fileRef = 49DAE4C27FA218B18DB764D1 /* ExpenseCategory.swift */; };
		E7D14E7FF1CAAE72306A94D7 /* ProductCategory.swift in Sources */ = {isa = PBXBuildFile; fileRef = 59308E18186F6DB81B2BD8C0 /* ProductCategory.swift */; };
		3918E48DED3193DD2928A892 /* VehicleFuelType.swift in Sources */ = {isa = PBXBuildFile; fileRef = 789670B053F1E1634CD2D8F5 /* VehicleFuelType.swift */; };
		5FA87AC3EAC0BCDACA29F332 /* Expense.swift in Sources */ = {isa = PBXBuildFile; fileRef = 6A1D934BE38134FAF6FEEAD9 /* Expense.swift */; };
		31501B6C1CF783C9828E188D /* Product.swift in Sources */ = {isa = PBXBuildFile; fileRef = 58304BB6E4F71F8AD6043416 /* Product.swift */; };
		5F28A36C05E67510C3D6C0BC /* Vehicle.swift in Sources */ = {isa = PBXBuildFile; fileRef = 2D587467242765FC9D30A4D3 /* Vehicle.swift */; };
		A6D726F8303911F65A997088 /* AppModelContainer.swift in Sources */ = {isa = PBXBuildFile; fileRef = 8B6426EB04CB0E90F539DC0B /* AppModelContainer.swift */; };
		9F3DFED21E6DD98D70317CFB /* PrototypeDataSeeder.swift in Sources */ = {isa = PBXBuildFile; fileRef = C1E9CA058D50DC8D10033B04 /* PrototypeDataSeeder.swift */; };
		7A54B700AB89F1ED386FF616 /* Money.swift in Sources */ = {isa = PBXBuildFile; fileRef = 81B26404B6B0D9F832372C5A /* Money.swift */; };
		6B004870E2C4B9DD73628BED /* SpendingCalculator.swift in Sources */ = {isa = PBXBuildFile; fileRef = 468B52CF0E6409198A38D87D /* SpendingCalculator.swift */; };
		97FFC11A39595A91E3DB2F58 /* EmptyStateView.swift in Sources */ = {isa = PBXBuildFile; fileRef = DC269AEBEEB12205D107DAF2 /* EmptyStateView.swift */; };
		D8184401FE23C5C6FCD93ADB /* DashboardView.swift in Sources */ = {isa = PBXBuildFile; fileRef = 22C19D6365D7F92F98C0DF23 /* DashboardView.swift */; };
		E03E7EF7C91BBE6A9EAAB767 /* ExpenseListView.swift in Sources */ = {isa = PBXBuildFile; fileRef = 1A58F6ECB0607C8D7DD30DCF /* ExpenseListView.swift */; };
		E968E670B57DAD20DEF55697 /* AddExpenseView.swift in Sources */ = {isa = PBXBuildFile; fileRef = 440E9C59819F6044FC5DBFDD /* AddExpenseView.swift */; };
		34DAA14AE7FA9DC2F695F449 /* ProductListView.swift in Sources */ = {isa = PBXBuildFile; fileRef = 531DD68936BF29959AE129AC /* ProductListView.swift */; };
		514441D69E7518CE5592D2D6 /* AddProductView.swift in Sources */ = {isa = PBXBuildFile; fileRef = F953321D2A3670F7A2A49BA8 /* AddProductView.swift */; };
		25E135F3F2BB5A96CB6FD180 /* VehicleListView.swift in Sources */ = {isa = PBXBuildFile; fileRef = 28C49479D2EA6D897D157AEC /* VehicleListView.swift */; };
		CBA2A9B6E68F407A60D2A945 /* AddVehicleView.swift in Sources */ = {isa = PBXBuildFile; fileRef = 01A00F7222A75B1AA998A9E7 /* AddVehicleView.swift */; };
		DC365E1D3905FBB7D654CA94 /* SettingsView.swift in Sources */ = {isa = PBXBuildFile; fileRef = 17B99FC259661CD9E123EF32 /* SettingsView.swift */; };
		456BBC8B32C66ACB4C8083A2 /* Assets.xcassets in Resources */ = {isa = PBXBuildFile; fileRef = 073F211CA917E19274ADE8A4 /* Assets.xcassets */; };
		09CA04AEF484F25F7D6B1A45 /* SpendFoxTests.swift in Sources */ = {isa = PBXBuildFile; fileRef = 6CEA4BB98E0C2C9B85A119F1 /* SpendFoxTests.swift */; };
		D18302BACA033666542D9733 /* XCTest.framework in Frameworks */ = {isa = PBXBuildFile; fileRef = 4B001738AB9A52913C4E883F /* XCTest.framework */; };
/* End PBXBuildFile section */

/* Begin PBXContainerItemProxy section */
		BF53ADBD30240EC0A6624B4F = {isa = PBXContainerItemProxy; containerPortal = 98F54143AB4E86B28C3AFEE0 /* Project object */; proxyType = 1; remoteGlobalIDString = 29C7B681C8D62CBAC94D51C0; remoteInfo = SpendFox; };
/* End PBXContainerItemProxy section */

/* Begin PBXFileReference section */
		91FA623705E0DC991466EC1B /* SpendFoxApp.swift */ = {isa = PBXFileReference; lastKnownFileType = sourcecode.swift; path = SpendFoxApp.swift; sourceTree = "<group>"; };
		F42D0AD899D8A7981B46A92D /* RootTabView.swift */ = {isa = PBXFileReference; lastKnownFileType = sourcecode.swift; path = RootTabView.swift; sourceTree = "<group>"; };
		49DAE4C27FA218B18DB764D1 /* ExpenseCategory.swift */ = {isa = PBXFileReference; lastKnownFileType = sourcecode.swift; path = ExpenseCategory.swift; sourceTree = "<group>"; };
		59308E18186F6DB81B2BD8C0 /* ProductCategory.swift */ = {isa = PBXFileReference; lastKnownFileType = sourcecode.swift; path = ProductCategory.swift; sourceTree = "<group>"; };
		789670B053F1E1634CD2D8F5 /* VehicleFuelType.swift */ = {isa = PBXFileReference; lastKnownFileType = sourcecode.swift; path = VehicleFuelType.swift; sourceTree = "<group>"; };
		6A1D934BE38134FAF6FEEAD9 /* Expense.swift */ = {isa = PBXFileReference; lastKnownFileType = sourcecode.swift; path = Expense.swift; sourceTree = "<group>"; };
		58304BB6E4F71F8AD6043416 /* Product.swift */ = {isa = PBXFileReference; lastKnownFileType = sourcecode.swift; path = Product.swift; sourceTree = "<group>"; };
		2D587467242765FC9D30A4D3 /* Vehicle.swift */ = {isa = PBXFileReference; lastKnownFileType = sourcecode.swift; path = Vehicle.swift; sourceTree = "<group>"; };
		8B6426EB04CB0E90F539DC0B /* AppModelContainer.swift */ = {isa = PBXFileReference; lastKnownFileType = sourcecode.swift; path = AppModelContainer.swift; sourceTree = "<group>"; };
		C1E9CA058D50DC8D10033B04 /* PrototypeDataSeeder.swift */ = {isa = PBXFileReference; lastKnownFileType = sourcecode.swift; path = PrototypeDataSeeder.swift; sourceTree = "<group>"; };
		81B26404B6B0D9F832372C5A /* Money.swift */ = {isa = PBXFileReference; lastKnownFileType = sourcecode.swift; path = Money.swift; sourceTree = "<group>"; };
		468B52CF0E6409198A38D87D /* SpendingCalculator.swift */ = {isa = PBXFileReference; lastKnownFileType = sourcecode.swift; path = SpendingCalculator.swift; sourceTree = "<group>"; };
		DC269AEBEEB12205D107DAF2 /* EmptyStateView.swift */ = {isa = PBXFileReference; lastKnownFileType = sourcecode.swift; path = EmptyStateView.swift; sourceTree = "<group>"; };
		22C19D6365D7F92F98C0DF23 /* DashboardView.swift */ = {isa = PBXFileReference; lastKnownFileType = sourcecode.swift; path = DashboardView.swift; sourceTree = "<group>"; };
		1A58F6ECB0607C8D7DD30DCF /* ExpenseListView.swift */ = {isa = PBXFileReference; lastKnownFileType = sourcecode.swift; path = ExpenseListView.swift; sourceTree = "<group>"; };
		440E9C59819F6044FC5DBFDD /* AddExpenseView.swift */ = {isa = PBXFileReference; lastKnownFileType = sourcecode.swift; path = AddExpenseView.swift; sourceTree = "<group>"; };
		531DD68936BF29959AE129AC /* ProductListView.swift */ = {isa = PBXFileReference; lastKnownFileType = sourcecode.swift; path = ProductListView.swift; sourceTree = "<group>"; };
		F953321D2A3670F7A2A49BA8 /* AddProductView.swift */ = {isa = PBXFileReference; lastKnownFileType = sourcecode.swift; path = AddProductView.swift; sourceTree = "<group>"; };
		28C49479D2EA6D897D157AEC /* VehicleListView.swift */ = {isa = PBXFileReference; lastKnownFileType = sourcecode.swift; path = VehicleListView.swift; sourceTree = "<group>"; };
		01A00F7222A75B1AA998A9E7 /* AddVehicleView.swift */ = {isa = PBXFileReference; lastKnownFileType = sourcecode.swift; path = AddVehicleView.swift; sourceTree = "<group>"; };
		17B99FC259661CD9E123EF32 /* SettingsView.swift */ = {isa = PBXFileReference; lastKnownFileType = sourcecode.swift; path = SettingsView.swift; sourceTree = "<group>"; };
		6CEA4BB98E0C2C9B85A119F1 /* SpendFoxTests.swift */ = {isa = PBXFileReference; lastKnownFileType = sourcecode.swift; path = SpendFoxTests.swift; sourceTree = "<group>"; };
		073F211CA917E19274ADE8A4 /* Assets.xcassets */ = {isa = PBXFileReference; lastKnownFileType = folder.assetcatalog; path = Assets.xcassets; sourceTree = "<group>"; };
		B6CDB6E5D160E013280D3C68 /* SpendFox.app */ = {isa = PBXFileReference; explicitFileType = wrapper.application; includeInIndex = 0; path = SpendFox.app; sourceTree = BUILT_PRODUCTS_DIR; };
		A8D8270AA6DB8732282C9541 /* SpendFoxTests.xctest */ = {isa = PBXFileReference; explicitFileType = wrapper.cfbundle; includeInIndex = 0; path = SpendFoxTests.xctest; sourceTree = BUILT_PRODUCTS_DIR; };
		4B001738AB9A52913C4E883F /* XCTest.framework */ = {isa = PBXFileReference; lastKnownFileType = wrapper.framework; name = XCTest.framework; path = System/Library/Frameworks/XCTest.framework; sourceTree = SDKROOT; };
/* End PBXFileReference section */

/* Begin PBXFrameworksBuildPhase section */
		F001BC2AF9EB5498B3360756 /* Frameworks */ = {isa = PBXFrameworksBuildPhase; buildActionMask = 2147483647; files = (); runOnlyForDeploymentPostprocessing = 0; };
		D6B208DB47DA230159E08E40 /* Frameworks */ = {isa = PBXFrameworksBuildPhase; buildActionMask = 2147483647; files = (D18302BACA033666542D9733 /* XCTest.framework in Frameworks */,); runOnlyForDeploymentPostprocessing = 0; };
/* End PBXFrameworksBuildPhase section */

/* Begin PBXGroup section */
		ADCF10F76EBF2A74473E9DC4 = {isa = PBXGroup; children = (E9E90BD442132BB73675A9ED /* SpendFox */, 155BB89524C2A6C41B536BAD /* SpendFoxTests */, 2D17C89EB2C5B87E8B0EC3B6 /* Frameworks */, 5151B46607EBC8890D8DFCC2 /* Products */,); sourceTree = "<group>"; };
		E9E90BD442132BB73675A9ED /* SpendFox */ = {isa = PBXGroup; children = (A867AB24396D4AFAA18193AB /* App */, 2BD2A92F4C975A2B846B494E /* Models */, B0F0F5A80B6BE25B5BEB3667 /* Persistence */, E43F866F3D90DA143D465FA4 /* Shared */, F5E4688417D829964A24F6BA /* Features */, 74A80846FC9140303CA29931 /* Resources */,); path = SpendFox; sourceTree = "<group>"; };
		A867AB24396D4AFAA18193AB /* App */ = {isa = PBXGroup; children = (91FA623705E0DC991466EC1B /* SpendFoxApp.swift */, F42D0AD899D8A7981B46A92D /* RootTabView.swift */,); path = App; sourceTree = "<group>"; };
		2BD2A92F4C975A2B846B494E /* Models */ = {isa = PBXGroup; children = (49DAE4C27FA218B18DB764D1 /* ExpenseCategory.swift */, 59308E18186F6DB81B2BD8C0 /* ProductCategory.swift */, 789670B053F1E1634CD2D8F5 /* VehicleFuelType.swift */, 6A1D934BE38134FAF6FEEAD9 /* Expense.swift */, 58304BB6E4F71F8AD6043416 /* Product.swift */, 2D587467242765FC9D30A4D3 /* Vehicle.swift */,); path = Models; sourceTree = "<group>"; };
		B0F0F5A80B6BE25B5BEB3667 /* Persistence */ = {isa = PBXGroup; children = (8B6426EB04CB0E90F539DC0B /* AppModelContainer.swift */, C1E9CA058D50DC8D10033B04 /* PrototypeDataSeeder.swift */,); path = Persistence; sourceTree = "<group>"; };
		E43F866F3D90DA143D465FA4 /* Shared */ = {isa = PBXGroup; children = (81B26404B6B0D9F832372C5A /* Money.swift */, 468B52CF0E6409198A38D87D /* SpendingCalculator.swift */, DC269AEBEEB12205D107DAF2 /* EmptyStateView.swift */,); path = Shared; sourceTree = "<group>"; };
		F5E4688417D829964A24F6BA /* Features */ = {isa = PBXGroup; children = (E52454EB0679EDC22893EC1D /* Dashboard */, 00DEFCD1189D7CE1FF801059 /* Expenses */, 3865C04507AD476A25D16FC1 /* Products */, 7129118B3081AD805111FAE9 /* Vehicles */, CE6FA24DD581F87112BEF4DC /* Settings */,); path = Features; sourceTree = "<group>"; };
		E52454EB0679EDC22893EC1D /* Dashboard */ = {isa = PBXGroup; children = (22C19D6365D7F92F98C0DF23 /* DashboardView.swift */,); path = Dashboard; sourceTree = "<group>"; };
		00DEFCD1189D7CE1FF801059 /* Expenses */ = {isa = PBXGroup; children = (1A58F6ECB0607C8D7DD30DCF /* ExpenseListView.swift */, 440E9C59819F6044FC5DBFDD /* AddExpenseView.swift */,); path = Expenses; sourceTree = "<group>"; };
		3865C04507AD476A25D16FC1 /* Products */ = {isa = PBXGroup; children = (531DD68936BF29959AE129AC /* ProductListView.swift */, F953321D2A3670F7A2A49BA8 /* AddProductView.swift */,); path = Products; sourceTree = "<group>"; };
		7129118B3081AD805111FAE9 /* Vehicles */ = {isa = PBXGroup; children = (28C49479D2EA6D897D157AEC /* VehicleListView.swift */, 01A00F7222A75B1AA998A9E7 /* AddVehicleView.swift */,); path = Vehicles; sourceTree = "<group>"; };
		CE6FA24DD581F87112BEF4DC /* Settings */ = {isa = PBXGroup; children = (17B99FC259661CD9E123EF32 /* SettingsView.swift */,); path = Settings; sourceTree = "<group>"; };
		74A80846FC9140303CA29931 /* Resources */ = {isa = PBXGroup; children = (073F211CA917E19274ADE8A4 /* Assets.xcassets */,); path = Resources; sourceTree = "<group>"; };
		155BB89524C2A6C41B536BAD /* SpendFoxTests */ = {isa = PBXGroup; children = (6CEA4BB98E0C2C9B85A119F1 /* SpendFoxTests.swift */,); path = SpendFoxTests; sourceTree = "<group>"; };
		5151B46607EBC8890D8DFCC2 /* Products */ = {isa = PBXGroup; children = (B6CDB6E5D160E013280D3C68 /* SpendFox.app */, A8D8270AA6DB8732282C9541 /* SpendFoxTests.xctest */,); sourceTree = "<group>"; };
		2D17C89EB2C5B87E8B0EC3B6 /* Frameworks */ = {isa = PBXGroup; children = (4B001738AB9A52913C4E883F /* XCTest.framework */,); sourceTree = "<group>"; };
/* End PBXGroup section */

/* Begin PBXNativeTarget section */
		29C7B681C8D62CBAC94D51C0 /* SpendFox */ = {isa = PBXNativeTarget; buildConfigurationList = 32995943DE67267A65D32CA9 /* Build configuration list for PBXNativeTarget "SpendFox" */; buildPhases = (8682261519D15BD64A9E5D31 /* Sources */, F001BC2AF9EB5498B3360756 /* Frameworks */, E28FAD8F60ECDED9B4AD087A /* Resources */,); buildRules = (); dependencies = (); name = SpendFox; productName = SpendFox; productReference = B6CDB6E5D160E013280D3C68 /* SpendFox.app */; productType = "com.apple.product-type.application"; };
		7EC8F98B7A265120217712DE /* SpendFoxTests */ = {isa = PBXNativeTarget; buildConfigurationList = F722E0DC847BA009AE0DBB50 /* Build configuration list for PBXNativeTarget "SpendFoxTests" */; buildPhases = (29BEEA3D856852A8CC3247ED /* Sources */, D6B208DB47DA230159E08E40 /* Frameworks */, 96B4702EF39C73C4DCF44E6C /* Resources */,); buildRules = (); dependencies = (DEE5A4BC5DC6E6969D361F5B /* PBXTargetDependency */,); name = SpendFoxTests; productName = SpendFoxTests; productReference = A8D8270AA6DB8732282C9541 /* SpendFoxTests.xctest */; productType = "com.apple.product-type.bundle.unit-test"; };
/* End PBXNativeTarget section */

/* Begin PBXProject section */
		98F54143AB4E86B28C3AFEE0 /* Project object */ = {isa = PBXProject; attributes = {BuildIndependentTargetsInParallel = 1; LastSwiftUpdateCheck = 1600; LastUpgradeCheck = 1600; TargetAttributes = {29C7B681C8D62CBAC94D51C0 = {CreatedOnToolsVersion = 16.0; }; 7EC8F98B7A265120217712DE = {CreatedOnToolsVersion = 16.0; TestTargetID = 29C7B681C8D62CBAC94D51C0; }; }; }; buildConfigurationList = 12D04D787E90C9B967248BFD /* Build configuration list for PBXProject "SpendFox" */; compatibilityVersion = "Xcode 14.0"; developmentRegion = de; hasScannedForEncodings = 0; knownRegions = (de, Base,); mainGroup = ADCF10F76EBF2A74473E9DC4; productRefGroup = 5151B46607EBC8890D8DFCC2 /* Products */; projectDirPath = ""; projectRoot = ""; targets = (29C7B681C8D62CBAC94D51C0 /* SpendFox */, 7EC8F98B7A265120217712DE /* SpendFoxTests */,); };
/* End PBXProject section */

/* Begin PBXResourcesBuildPhase section */
		E28FAD8F60ECDED9B4AD087A /* Resources */ = {isa = PBXResourcesBuildPhase; buildActionMask = 2147483647; files = (456BBC8B32C66ACB4C8083A2 /* Assets.xcassets in Resources */,); runOnlyForDeploymentPostprocessing = 0; };
		96B4702EF39C73C4DCF44E6C /* Resources */ = {isa = PBXResourcesBuildPhase; buildActionMask = 2147483647; files = (); runOnlyForDeploymentPostprocessing = 0; };
/* End PBXResourcesBuildPhase section */

/* Begin PBXSourcesBuildPhase section */
		8682261519D15BD64A9E5D31 /* Sources */ = {isa = PBXSourcesBuildPhase; buildActionMask = 2147483647; files = (9227B418970779318E617CB5 /* SpendFoxApp.swift in Sources */, 73699799C42E18EE453DF37E /* RootTabView.swift in Sources */, BAF2B7896085742689FE563D /* ExpenseCategory.swift in Sources */, E7D14E7FF1CAAE72306A94D7 /* ProductCategory.swift in Sources */, 3918E48DED3193DD2928A892 /* VehicleFuelType.swift in Sources */, 5FA87AC3EAC0BCDACA29F332 /* Expense.swift in Sources */, 31501B6C1CF783C9828E188D /* Product.swift in Sources */, 5F28A36C05E67510C3D6C0BC /* Vehicle.swift in Sources */, A6D726F8303911F65A997088 /* AppModelContainer.swift in Sources */, 9F3DFED21E6DD98D70317CFB /* PrototypeDataSeeder.swift in Sources */, 7A54B700AB89F1ED386FF616 /* Money.swift in Sources */, 6B004870E2C4B9DD73628BED /* SpendingCalculator.swift in Sources */, 97FFC11A39595A91E3DB2F58 /* EmptyStateView.swift in Sources */, D8184401FE23C5C6FCD93ADB /* DashboardView.swift in Sources */, E03E7EF7C91BBE6A9EAAB767 /* ExpenseListView.swift in Sources */, E968E670B57DAD20DEF55697 /* AddExpenseView.swift in Sources */, 34DAA14AE7FA9DC2F695F449 /* ProductListView.swift in Sources */, 514441D69E7518CE5592D2D6 /* AddProductView.swift in Sources */, 25E135F3F2BB5A96CB6FD180 /* VehicleListView.swift in Sources */, CBA2A9B6E68F407A60D2A945 /* AddVehicleView.swift in Sources */, DC365E1D3905FBB7D654CA94 /* SettingsView.swift in Sources */,); runOnlyForDeploymentPostprocessing = 0; };
		29BEEA3D856852A8CC3247ED /* Sources */ = {isa = PBXSourcesBuildPhase; buildActionMask = 2147483647; files = (09CA04AEF484F25F7D6B1A45 /* SpendFoxTests.swift in Sources */,); runOnlyForDeploymentPostprocessing = 0; };
/* End PBXSourcesBuildPhase section */

/* Begin PBXTargetDependency section */
		DEE5A4BC5DC6E6969D361F5B /* PBXTargetDependency */ = {isa = PBXTargetDependency; target = 29C7B681C8D62CBAC94D51C0 /* SpendFox */; targetProxy = BF53ADBD30240EC0A6624B4F /* PBXContainerItemProxy */; };
/* End PBXTargetDependency section */

/* Begin XCBuildConfiguration section */
		73BFC4993D558C2844970A56 /* Debug */ = {isa = XCBuildConfiguration; buildSettings = {
				ALWAYS_SEARCH_USER_PATHS = NO;
				CLANG_ANALYZER_NONNULL = YES;
				CLANG_ANALYZER_NUMBER_OBJECT_CONVERSION = YES_AGGRESSIVE;
				CLANG_CXX_LANGUAGE_STANDARD = "gnu++20";
				CLANG_ENABLE_MODULES = YES;
				CLANG_ENABLE_OBJC_ARC = YES;
				CLANG_ENABLE_OBJC_WEAK = YES;
				CLANG_WARN_BLOCK_CAPTURE_AUTORELEASING = YES;
				CLANG_WARN_BOOL_CONVERSION = YES;
				CLANG_WARN_COMMA = YES;
				CLANG_WARN_CONSTANT_CONVERSION = YES;
				CLANG_WARN_DEPRECATED_OBJC_IMPLEMENTATIONS = YES;
				CLANG_WARN_DIRECT_OBJC_ISA_USAGE = YES_ERROR;
				CLANG_WARN_DOCUMENTATION_COMMENTS = YES;
				CLANG_WARN_EMPTY_BODY = YES;
				CLANG_WARN_ENUM_CONVERSION = YES;
				CLANG_WARN_INFINITE_RECURSION = YES;
				CLANG_WARN_INT_CONVERSION = YES;
				CLANG_WARN_NON_LITERAL_NULL_CONVERSION = YES;
				CLANG_WARN_OBJC_IMPLICIT_RETAIN_SELF = YES;
				CLANG_WARN_OBJC_LITERAL_CONVERSION = YES;
				CLANG_WARN_OBJC_ROOT_CLASS = YES_ERROR;
				CLANG_WARN_QUOTED_INCLUDE_IN_FRAMEWORK_HEADER = YES;
				CLANG_WARN_RANGE_LOOP_ANALYSIS = YES;
				CLANG_WARN_STRICT_PROTOTYPES = YES;
				CLANG_WARN_SUSPICIOUS_MOVE = YES;
				CLANG_WARN_UNGUARDED_AVAILABILITY = YES_AGGRESSIVE;
				CLANG_WARN_UNREACHABLE_CODE = YES;
				CLANG_WARN__DUPLICATE_METHOD_MATCH = YES;
				COPY_PHASE_STRIP = NO;
				ENABLE_STRICT_OBJC_MSGSEND = YES;
				GCC_C_LANGUAGE_STANDARD = gnu17;
				GCC_NO_COMMON_BLOCKS = YES;
				GCC_WARN_64_TO_32_BIT_CONVERSION = YES;
				GCC_WARN_ABOUT_RETURN_TYPE = YES_ERROR;
				GCC_WARN_UNDECLARED_SELECTOR = YES;
				GCC_WARN_UNINITIALIZED_AUTOS = YES_AGGRESSIVE;
				GCC_WARN_UNUSED_FUNCTION = YES;
				GCC_WARN_UNUSED_VARIABLE = YES;
				IPHONEOS_DEPLOYMENT_TARGET = 17.0;
				LOCALIZATION_PREFERS_STRING_CATALOGS = YES;
				MTL_ENABLE_DEBUG_INFO = INCLUDE_SOURCE;
				MTL_FAST_MATH = YES;
				SDKROOT = iphoneos;
				DEBUG_INFORMATION_FORMAT = dwarf;
				ENABLE_TESTABILITY = YES;
				GCC_OPTIMIZATION_LEVEL = 0;
				GCC_PREPROCESSOR_DEFINITIONS = ("DEBUG=1", "$(inherited)",);
				ONLY_ACTIVE_ARCH = YES;
				SWIFT_ACTIVE_COMPILATION_CONDITIONS = DEBUG;
				SWIFT_OPTIMIZATION_LEVEL = "-Onone";
			}; name = Debug; };
		3C5BC6FE1E438E679FB7F74F /* Release */ = {isa = XCBuildConfiguration; buildSettings = {
				ALWAYS_SEARCH_USER_PATHS = NO;
				CLANG_ANALYZER_NONNULL = YES;
				CLANG_ANALYZER_NUMBER_OBJECT_CONVERSION = YES_AGGRESSIVE;
				CLANG_CXX_LANGUAGE_STANDARD = "gnu++20";
				CLANG_ENABLE_MODULES = YES;
				CLANG_ENABLE_OBJC_ARC = YES;
				CLANG_ENABLE_OBJC_WEAK = YES;
				CLANG_WARN_BLOCK_CAPTURE_AUTORELEASING = YES;
				CLANG_WARN_BOOL_CONVERSION = YES;
				CLANG_WARN_COMMA = YES;
				CLANG_WARN_CONSTANT_CONVERSION = YES;
				CLANG_WARN_DEPRECATED_OBJC_IMPLEMENTATIONS = YES;
				CLANG_WARN_DIRECT_OBJC_ISA_USAGE = YES_ERROR;
				CLANG_WARN_DOCUMENTATION_COMMENTS = YES;
				CLANG_WARN_EMPTY_BODY = YES;
				CLANG_WARN_ENUM_CONVERSION = YES;
				CLANG_WARN_INFINITE_RECURSION = YES;
				CLANG_WARN_INT_CONVERSION = YES;
				CLANG_WARN_NON_LITERAL_NULL_CONVERSION = YES;
				CLANG_WARN_OBJC_IMPLICIT_RETAIN_SELF = YES;
				CLANG_WARN_OBJC_LITERAL_CONVERSION = YES;
				CLANG_WARN_OBJC_ROOT_CLASS = YES_ERROR;
				CLANG_WARN_QUOTED_INCLUDE_IN_FRAMEWORK_HEADER = YES;
				CLANG_WARN_RANGE_LOOP_ANALYSIS = YES;
				CLANG_WARN_STRICT_PROTOTYPES = YES;
				CLANG_WARN_SUSPICIOUS_MOVE = YES;
				CLANG_WARN_UNGUARDED_AVAILABILITY = YES_AGGRESSIVE;
				CLANG_WARN_UNREACHABLE_CODE = YES;
				CLANG_WARN__DUPLICATE_METHOD_MATCH = YES;
				COPY_PHASE_STRIP = NO;
				ENABLE_STRICT_OBJC_MSGSEND = YES;
				GCC_C_LANGUAGE_STANDARD = gnu17;
				GCC_NO_COMMON_BLOCKS = YES;
				GCC_WARN_64_TO_32_BIT_CONVERSION = YES;
				GCC_WARN_ABOUT_RETURN_TYPE = YES_ERROR;
				GCC_WARN_UNDECLARED_SELECTOR = YES;
				GCC_WARN_UNINITIALIZED_AUTOS = YES_AGGRESSIVE;
				GCC_WARN_UNUSED_FUNCTION = YES;
				GCC_WARN_UNUSED_VARIABLE = YES;
				IPHONEOS_DEPLOYMENT_TARGET = 17.0;
				LOCALIZATION_PREFERS_STRING_CATALOGS = YES;
				MTL_ENABLE_DEBUG_INFO = INCLUDE_SOURCE;
				MTL_FAST_MATH = YES;
				SDKROOT = iphoneos;
				DEBUG_INFORMATION_FORMAT = "dwarf-with-dsym";
				ENABLE_NS_ASSERTIONS = NO;
				SWIFT_COMPILATION_MODE = wholemodule;
			}; name = Release; };
		CC982C4F58FE5F6D2B2680C2 /* Debug */ = {isa = XCBuildConfiguration; buildSettings = {
				ASSETCATALOG_COMPILER_GLOBAL_ACCENT_COLOR_NAME = AccentColor;
				CODE_SIGN_STYLE = Automatic;
				CURRENT_PROJECT_VERSION = 1;
				ENABLE_PREVIEWS = YES;
				GENERATE_INFOPLIST_FILE = YES;
				INFOPLIST_KEY_CFBundleDisplayName = SpendFox;
				INFOPLIST_KEY_LSApplicationCategoryType = "public.app-category.finance";
				INFOPLIST_KEY_UIApplicationSceneManifest_Generation = YES;
				INFOPLIST_KEY_UIApplicationSupportsIndirectInputEvents = YES;
				INFOPLIST_KEY_UILaunchScreen_Generation = YES;
				MARKETING_VERSION = 0.1.0;
				PRODUCT_BUNDLE_IDENTIFIER = de.h3nri5h.spendfox;
				PRODUCT_NAME = "$(TARGET_NAME)";
				SWIFT_EMIT_LOC_STRINGS = YES;
				SWIFT_VERSION = 5.0;
				TARGETED_DEVICE_FAMILY = 1;
			}; name = Debug; };
		06B6A15813AE62FDCFE74422 /* Release */ = {isa = XCBuildConfiguration; buildSettings = {
				ASSETCATALOG_COMPILER_GLOBAL_ACCENT_COLOR_NAME = AccentColor;
				CODE_SIGN_STYLE = Automatic;
				CURRENT_PROJECT_VERSION = 1;
				ENABLE_PREVIEWS = YES;
				GENERATE_INFOPLIST_FILE = YES;
				INFOPLIST_KEY_CFBundleDisplayName = SpendFox;
				INFOPLIST_KEY_LSApplicationCategoryType = "public.app-category.finance";
				INFOPLIST_KEY_UIApplicationSceneManifest_Generation = YES;
				INFOPLIST_KEY_UIApplicationSupportsIndirectInputEvents = YES;
				INFOPLIST_KEY_UILaunchScreen_Generation = YES;
				MARKETING_VERSION = 0.1.0;
				PRODUCT_BUNDLE_IDENTIFIER = de.h3nri5h.spendfox;
				PRODUCT_NAME = "$(TARGET_NAME)";
				SWIFT_EMIT_LOC_STRINGS = YES;
				SWIFT_VERSION = 5.0;
				TARGETED_DEVICE_FAMILY = 1;
			}; name = Release; };
		A39F4EA2C585763103886C2C /* Debug */ = {isa = XCBuildConfiguration; buildSettings = {
				BUNDLE_LOADER = "$(TEST_HOST)";
				CODE_SIGN_STYLE = Automatic;
				CURRENT_PROJECT_VERSION = 1;
				GENERATE_INFOPLIST_FILE = YES;
				IPHONEOS_DEPLOYMENT_TARGET = 17.0;
				MARKETING_VERSION = 0.1.0;
				PRODUCT_BUNDLE_IDENTIFIER = de.h3nri5h.spendfox.tests;
				PRODUCT_NAME = "$(TARGET_NAME)";
				SWIFT_EMIT_LOC_STRINGS = NO;
				SWIFT_VERSION = 5.0;
				TARGETED_DEVICE_FAMILY = 1;
				TEST_HOST = "$(BUILT_PRODUCTS_DIR)/SpendFox.app/$(BUNDLE_EXECUTABLE_FOLDER_PATH)/SpendFox";
			}; name = Debug; };
		B570061E7D3C2C486722CCA4 /* Release */ = {isa = XCBuildConfiguration; buildSettings = {
				BUNDLE_LOADER = "$(TEST_HOST)";
				CODE_SIGN_STYLE = Automatic;
				CURRENT_PROJECT_VERSION = 1;
				GENERATE_INFOPLIST_FILE = YES;
				IPHONEOS_DEPLOYMENT_TARGET = 17.0;
				MARKETING_VERSION = 0.1.0;
				PRODUCT_BUNDLE_IDENTIFIER = de.h3nri5h.spendfox.tests;
				PRODUCT_NAME = "$(TARGET_NAME)";
				SWIFT_EMIT_LOC_STRINGS = NO;
				SWIFT_VERSION = 5.0;
				TARGETED_DEVICE_FAMILY = 1;
				TEST_HOST = "$(BUILT_PRODUCTS_DIR)/SpendFox.app/$(BUNDLE_EXECUTABLE_FOLDER_PATH)/SpendFox";
			}; name = Release; };
/* End XCBuildConfiguration section */

/* Begin XCConfigurationList section */
		12D04D787E90C9B967248BFD /* Build configuration list for PBXProject "SpendFox" */ = {isa = XCConfigurationList; buildConfigurations = (73BFC4993D558C2844970A56 /* Debug */, 3C5BC6FE1E438E679FB7F74F /* Release */,); defaultConfigurationIsVisible = 0; defaultConfigurationName = Release; };
		32995943DE67267A65D32CA9 /* Build configuration list for PBXNativeTarget "SpendFox" */ = {isa = XCConfigurationList; buildConfigurations = (CC982C4F58FE5F6D2B2680C2 /* Debug */, 06B6A15813AE62FDCFE74422 /* Release */,); defaultConfigurationIsVisible = 0; defaultConfigurationName = Release; };
		F722E0DC847BA009AE0DBB50 /* Build configuration list for PBXNativeTarget "SpendFoxTests" */ = {isa = XCConfigurationList; buildConfigurations = (A39F4EA2C585763103886C2C /* Debug */, B570061E7D3C2C486722CCA4 /* Release */,); defaultConfigurationIsVisible = 0; defaultConfigurationName = Release; };
/* End XCConfigurationList section */
	};
	rootObject = 98F54143AB4E86B28C3AFEE0 /* Project object */;
}